
Microsoft Visual Studio Solution File, Format Version 12.00
# Visual Studio Version 16
VisualStudioVersion = 16.0.32002.261
MinimumVisualStudioVersion = 10.0.40219.1
Project("{FAE04EC0-301F-11D3-BF4B-00C04F79EFBC}") = "FamilyGraph", "FamilyGraph.csproj", "{1D6703D3-F412-4BEB-996C-977AD0EB8193}"
EndProject
Global
	GlobalSection(SolutionConfigurationPlatforms) = preSolution
		Debug|Any CPU = Debug|Any CPU
		Release|Any CPU = Release|Any CPU
	EndGlobalSection
	GlobalSection(ProjectConfigurationPlatforms) = postSolution
		{1D6703D3-F412-4BEB-996C-977AD0EB8193}.Debug|Any CPU.ActiveCfg = Debug|Any CPU
		{1D6703D3-F412-4BEB-996C-977AD0EB8193}.Debug|Any CPU.Build.0 = Debug|Any CPU
		{1D6703D3-F412-4BEB-996C-977AD0EB8193}.Release|Any CPU.ActiveCfg = Release|Any CPU
		{1D6703D3-F412-4BEB-996C-977AD0EB8193}.Release|Any CPU.Build.0 = Release|Any CPU
	EndGlobalSection
	GlobalSection(SolutionProperties) = preSolution
		HideSolutionNode = FALSE
	EndGlobalSection
	GlobalSection(ExtensibilityGlobals) = postSolution
		SolutionGuid = {D97E9D87-C0B0-44A0-8E64-B33AFD2132E2}
	EndGlobalSection
EndGlobal
